schema: '2.0'
stages:
  ae_train:
    cmd: python src/autoencoder/train.py
    deps:
    - path: data/external/sprites
      md5: 23e143a3d4f7b30548cd966a889e3b87.dir
      size: 387131152
      nfiles: 45310
    - path: src/autoencoder
      md5: 01db33eca6234137ac19172e6818b387.dir
      size: 11029
      nfiles: 7
    - path: src/data
      md5: 19f3b6e442619e47134b34f6230f7148.dir
      size: 5322
      nfiles: 4
    - path: src/utils.py
      md5: bcc6681e7b87d2563003ca8dd54de48a
      size: 509
    params:
      params.yaml:
        autoencoder:
          epochs: 500
          data_dir: data/external/sprites
          log_dir: reports/autoencoder
          latent_size: 8
          batch_size: 128
    outs:
    - path: reports/autoencoder/gen
      md5: f8a8dfb30880036eb326480134bd4e3d.dir
      size: 560019
      nfiles: 500
    - path: reports/autoencoder/gen.gif
      md5: 97826c752a798816deca8ed17463a3f1
      size: 2066867
    - path: reports/autoencoder/logs
      md5: c686d10a0f59ad2034c3e45cb603dca2.dir
      size: 19736
      nfiles: 1
    - path: reports/autoencoder/logs.json
      md5: 2e09b42eef202d311b99da3c3ffc5e49
      size: 53
  data:
    cmd: tar -xzf data/raw/sprites.tar.gz -C data/raw/
    deps:
    - path: data/raw/sprites.tar.gz
      md5: 3ef8b4485374026c0896299bd33a7bd6
      size: 273138408
    outs:
    - path: data/raw/sprites
      md5: 23e143a3d4f7b30548cd966a889e3b87.dir
      size: 387131152
      nfiles: 45310
  sprites_data:
    cmd: tar -xf data/raw/sprites.tar -C data/raw/
    deps:
    - path: data/raw/sprites.tar
      md5: 84ec42a376e159573338ef93b4d6892f
      size: 421591040
    outs:
    - path: data/raw/sprites
      md5: 23e143a3d4f7b30548cd966a889e3b87.dir
      size: 387131152
      nfiles: 45310
