schema: '2.0'
stages:
  ae_train:
    cmd: python src/autoencoder/train.py
    deps:
    - path: data/external/sprites
      md5: 23e143a3d4f7b30548cd966a889e3b87.dir
      size: 387131152
      nfiles: 45310
    - path: src/autoencoder
      md5: 01db33eca6234137ac19172e6818b387.dir
      size: 11029
      nfiles: 7
    - path: src/data
      md5: 19f3b6e442619e47134b34f6230f7148.dir
      size: 5322
      nfiles: 4
    - path: src/utils.py
      md5: bcc6681e7b87d2563003ca8dd54de48a
      size: 509
    params:
      params.yaml:
        autoencoder:
          epochs: 500
          data_dir: data/external/sprites
          log_dir: reports/autoencoder
          latent_size: 8
          batch_size: 128
    outs:
    - path: reports/autoencoder/gen
      md5: f8a8dfb30880036eb326480134bd4e3d.dir
      size: 560019
      nfiles: 500
    - path: reports/autoencoder/gen.gif
      md5: 97826c752a798816deca8ed17463a3f1
      size: 2066867
    - path: reports/autoencoder/logs
      md5: c686d10a0f59ad2034c3e45cb603dca2.dir
      size: 19736
      nfiles: 1
    - path: reports/autoencoder/logs.json
      md5: 2e09b42eef202d311b99da3c3ffc5e49
      size: 53
  data:
    cmd: tar -xzf data/raw/sprites.tar.gz -C data/raw/
    deps:
    - path: data/raw/sprites.tar.gz
      md5: 3ef8b4485374026c0896299bd33a7bd6
      size: 273138408
    outs:
    - path: data/raw/sprites
      md5: 23e143a3d4f7b30548cd966a889e3b87.dir
      size: 387131152
      nfiles: 45310
  sprites_data:
    cmd: tar -xf data/raw/sprites.tar -C data/raw/
    deps:
    - path: data/raw/sprites.tar
      md5: 84ec42a376e159573338ef93b4d6892f
      size: 421591040
    outs:
    - path: data/raw/sprites
      md5: 23e143a3d4f7b30548cd966a889e3b87.dir
      size: 387131152
      nfiles: 45310
  ae_conv_train:
    cmd: python src/autoencoder/vanilla_model_conv.py
    deps:
    - path: data/raw/sprites
      md5: 447107e2f601c815f08b87b0eea34530.dir
      size: 242202638
      nfiles: 30118
    - path: src/autoencoder/decoders/conv.py
      md5: b504d408e6316d0c2bf1fde8f69a3e21
      size: 1319
    - path: src/autoencoder/encoders/conv.py
      md5: 1e9b050b285b3e7da795a7970156b90a
      size: 1060
    - path: src/autoencoder/models/vanilla_model.py
      md5: 32aee41e83bf49e176d18b7d8d9f4c43
      size: 550
    - path: src/autoencoder/train.py
      md5: 5d5f425b41fcacbc12face2c12ba6357
      size: 2657
    - path: src/autoencoder/vanilla_model_conv.py
      md5: 206827a01a55ea5754657b67c5f290ae
      size: 790
    - path: src/data/sprites.py
      md5: 31947df2ec8067da21c09378f9700cd5
      size: 3594
    - path: src/utils.py
      md5: ead46112488eed4252f3f205e0450946
      size: 858
    params:
      params.yaml:
        autoencoder_conv:
          latent_size: 16
          batch_size: 128
          train_kwargs:
            epochs: 100
            log_dir: reports/autoencoder/conv
          loader_kwargs:
    outs:
    - path: reports/autoencoder/conv/gen/0
      md5: 784a0a4861346767d7439e833bb5336a.dir
      size: 332585
      nfiles: 100
    - path: reports/autoencoder/conv/gen/0.gif
      md5: 6e7e74560909dad55360f4e3617adf4a
      size: 555393
    - path: reports/autoencoder/conv/gen/1
      md5: 3477e47a171db216a5248c92cb64df28.dir
      size: 354518
      nfiles: 100
    - path: reports/autoencoder/conv/gen/1.gif
      md5: 56bf6b165e81b216f700c55a710bf59a
      size: 600960
    - path: reports/autoencoder/conv/gen/2
      md5: 99e45abeac60d72e91374c2b28426041.dir
      size: 89995
      nfiles: 100
    - path: reports/autoencoder/conv/gen/2.gif
      md5: 5c75b08fb523b18e251cfbcbb311b445
      size: 369802
    - path: reports/autoencoder/conv/gen/3
      md5: a7bffb7ab9a9f6fdd01e0ddde9879abe.dir
      size: 104952
      nfiles: 100
    - path: reports/autoencoder/conv/gen/3.gif
      md5: 6040c9e8e331c6630243686730efce34
      size: 390111
    - path: reports/autoencoder/conv/logs
      md5: 215feead67d85314deddb5148fbe621a.dir
      size: 3871
      nfiles: 1
    - path: reports/autoencoder/conv/logs.json
      md5: 1159db2952ed4e5f114b6c03a23b6922
      size: 52
  ae_dense_train:
    cmd: python src/autoencoder/vanilla_model_dense.py
    deps:
    - path: data/raw/sprites
      md5: 447107e2f601c815f08b87b0eea34530.dir
      size: 242202638
      nfiles: 30118
    - path: src/autoencoder/decoders/dense.py
      md5: bb0e46a7e49569854642a164c095a3d7
      size: 838
    - path: src/autoencoder/encoders/dense.py
      md5: b915f41a2934c5086507545d9ca6ea74
      size: 807
    - path: src/autoencoder/models/vanilla_model.py
      md5: 2269cef39cc263f80f6fab4dcd93d149
      size: 608
    - path: src/autoencoder/train.py
      md5: 75cf371b5717bda15818ddbafffff4d7
      size: 3176
    - path: src/autoencoder/vanilla_model_dense.py
      md5: 74bd0fdc571173727745fcb3391023af
      size: 959
    - path: src/data/sprites.py
      md5: 31947df2ec8067da21c09378f9700cd5
      size: 3594
    - path: src/utils.py
      md5: ead46112488eed4252f3f205e0450946
      size: 858
    params:
      params.yaml:
        autoencoder_dense:
          latent_size: 16
          batch_size: 128
          train_kwargs:
            epochs: 100
            log_dir: reports/autoencoder/dense
    outs:
    - path: reports/autoencoder/dense/gen/0
      md5: c962e482db0ec1f91e2c69a7543eb585.dir
      size: 404643
      nfiles: 100
    - path: reports/autoencoder/dense/gen/0.gif
      md5: 618acb63754f8316d1085b9a2a083bc6
      size: 1030063
    - path: reports/autoencoder/dense/gen/1
      md5: 187f3b8ad640e8031fffe989005548dd.dir
      size: 423795
      nfiles: 100
    - path: reports/autoencoder/dense/gen/1.gif
      md5: e65af6b23f465a7e6747bec6d0adb900
      size: 1075961
    - path: reports/autoencoder/dense/gen/2
      md5: e28d7506c398160d532af0389d358c71.dir
      size: 274751
      nfiles: 100
    - path: reports/autoencoder/dense/gen/2.gif
      md5: 3002a484ac5bcae321fbbad37defee79
      size: 548901
    - path: reports/autoencoder/dense/gen/3
      md5: b48bc1d481454ee4c3a46a2b30c4d3c7.dir
      size: 131784
      nfiles: 100
    - path: reports/autoencoder/dense/gen/3.gif
      md5: f84c38fc6744edb0ba0a3863eef2dec8
      size: 164173
    - path: reports/autoencoder/dense/logs
      md5: 439fdfde958b2d9adef5a72cc97d3421.dir
      size: 3872
      nfiles: 1
    - path: reports/autoencoder/dense/logs.json
      md5: 67d8c3d3f1177c9c4ec85b6b744239c7
      size: 52
  ae_dense:
    cmd: python src/autoencoder/vanilla_model_dense.py
    deps:
    - path: data/raw/sprites
      md5: 447107e2f601c815f08b87b0eea34530.dir
      size: 242202638
      nfiles: 30118
    - path: src/autoencoder/decoders/dense.py
      md5: 7ff447d9b8d56d8ce82637c123b28d44
      size: 866
    - path: src/autoencoder/encoders/dense.py
      md5: 53c0be2894ae27af711dda768c687783
      size: 865
    - path: src/autoencoder/models/vanilla_model.py
      md5: 1db2b1b9f21021106975e1b2f8c3462f
      size: 886
    - path: src/autoencoder/train.py
      md5: f4240b973a43285f50fd44fb79ea0af7
      size: 4398
    - path: src/autoencoder/vanilla_model_dense.py
      md5: 74bd0fdc571173727745fcb3391023af
      size: 959
    - path: src/data/sprites.py
      md5: eb3b24072b0bd1f3b0357c8ca5f922ff
      size: 3595
    - path: src/utils.py
      md5: 51de3b46e88e4e72336e64cb7fa95b71
      size: 1072
    params:
      params.yaml:
        autoencoder_dense:
          latent_size: 16
          batch_size: 256
          train_kwargs:
            epochs: 10000
            log_dir: reports/autoencoder/dense
    outs:
    - path: reports/autoencoder/dense/gen/0
      md5: c286d904cad71411736e98ac420ab5c6.dir
      size: 32463
      nfiles: 30
    - path: reports/autoencoder/dense/gen/0.gif
      md5: 5f9f8b2aa8f7b8dfeec6e4912ec61de5
      size: 59178
    - path: reports/autoencoder/dense/gen/1
      md5: e270624a09b88ebdb692918080d037ed.dir
      size: 33023
      nfiles: 30
    - path: reports/autoencoder/dense/gen/1.gif
      md5: ce45e01897c02b51f92def2f85d3f871
      size: 65732
    - path: reports/autoencoder/dense/gen/2
      md5: c8ca47da563e648f46aa270843bacd93.dir
      size: 34402
      nfiles: 30
    - path: reports/autoencoder/dense/gen/2.gif
      md5: bada51ba05fd147f1e6fc04f65f5a171
      size: 81340
    - path: reports/autoencoder/dense/gen/3
      md5: 6654eb84b409999fe300267d80041108.dir
      size: 32220
      nfiles: 30
    - path: reports/autoencoder/dense/gen/3.gif
      md5: f6bc6a848e504307971da0e8503ab045
      size: 53804
    - path: reports/autoencoder/dense/logs
      md5: 3c49a8cd379e16833fca8c24af84a851.dir
      size: 803359
      nfiles: 2
    - path: reports/autoencoder/dense/logs.json
      md5: aa1c27cae47ff699bb6c735a8d6ad14b
      size: 84
    - path: reports/autoencoder/dense/results
      md5: 6ae801866777a2c62deef145a3fc5527.dir
      size: 44248
      nfiles: 16
  ae_conv:
    cmd: python src/autoencoder/vanilla_model_conv.py
    deps:
    - path: data/raw/sprites
      md5: 447107e2f601c815f08b87b0eea34530.dir
      size: 242202638
      nfiles: 30118
    - path: src/autoencoder/decoders/conv.py
      md5: 9f974c78db50f2ed3e65106b60a74336
      size: 1605
    - path: src/autoencoder/encoders/conv.py
      md5: 28864e63d259e0c9f93e8d6ce06dc384
      size: 1549
    - path: src/autoencoder/models/vanilla_model.py
      md5: 1db2b1b9f21021106975e1b2f8c3462f
      size: 886
    - path: src/autoencoder/train.py
      md5: 425df3c56c5dd9c0bd74d07ae9386658
      size: 4028
    - path: src/autoencoder/vanilla_model_conv.py
      md5: 206827a01a55ea5754657b67c5f290ae
      size: 790
    - path: src/data/sprites.py
      md5: eb3b24072b0bd1f3b0357c8ca5f922ff
      size: 3595
    - path: src/utils.py
      md5: 51de3b46e88e4e72336e64cb7fa95b71
      size: 1072
    params:
      params.yaml:
        autoencoder_conv:
          latent_size: 16
          batch_size: 64
          train_kwargs:
            epochs: 10
            log_dir: reports/autoencoder/conv
    outs:
    - path: reports/autoencoder/conv/gen/0
      md5: 4668be6a7a3f3eb0c310d21bb89f9598.dir
      size: 11991
      nfiles: 10
    - path: reports/autoencoder/conv/gen/0.gif
      md5: 1749a2af2295fa97bce975fc5ac91659
      size: 51811
    - path: reports/autoencoder/conv/gen/1
      md5: 4a46b00a2967dc6efa8341c1025f2a60.dir
      size: 11482
      nfiles: 10
    - path: reports/autoencoder/conv/gen/1.gif
      md5: a99aedc81f5d97460979cd16e2d2e165
      size: 46685
    - path: reports/autoencoder/conv/gen/2
      md5: 0bfbcc1b08a504f94f5546b9bf44c3f0.dir
      size: 14991
      nfiles: 10
    - path: reports/autoencoder/conv/gen/2.gif
      md5: e6b0ad3925d9a6576e891f8fab382af7
      size: 55204
    - path: reports/autoencoder/conv/gen/3
      md5: 569add7b280082c228bce6207a1b5657.dir
      size: 11904
      nfiles: 10
    - path: reports/autoencoder/conv/gen/3.gif
      md5: 98b1b606ad491e99ae326a8f9d7e252e
      size: 42868
    - path: reports/autoencoder/conv/logs
      md5: 62ae753c56586a67f159bb0e33976d83.dir
      size: 752
      nfiles: 2
    - path: reports/autoencoder/conv/logs.json
      md5: 7017f28cee0ea07e8d4235468ba1a4ff
      size: 82
    - path: reports/autoencoder/conv/results
      md5: 8d4bab4df27d0a62598e6fdffe6d326f.dir
      size: 24360
      nfiles: 16
  vae_dense:
    cmd: python src/autoencoder/vae_dense.py
    deps:
    - path: data/raw/sprites
      md5: 447107e2f601c815f08b87b0eea34530.dir
      size: 242202638
      nfiles: 30118
    - path: src/autoencoder/decoders/dense.py
      md5: 7ff447d9b8d56d8ce82637c123b28d44
      size: 866
    - path: src/autoencoder/encoders/dense.py
      md5: 53c0be2894ae27af711dda768c687783
      size: 865
    - path: src/autoencoder/models/variational_model.py
      md5: 47ce9ebb2953752db1f0a4cdd0786ec5
      size: 2135
    - path: src/autoencoder/train.py
      md5: f4240b973a43285f50fd44fb79ea0af7
      size: 4398
    - path: src/autoencoder/vae_dense.py
      md5: f90dad471834547f8f636b99860418c6
      size: 883
    - path: src/data/sprites.py
      md5: eb3b24072b0bd1f3b0357c8ca5f922ff
      size: 3595
    - path: src/utils.py
      md5: 51de3b46e88e4e72336e64cb7fa95b71
      size: 1072
    params:
      params.yaml:
        vae_dense:
          latent_size: 16
          batch_size: 256
          train_kwargs:
            epochs: 10000
            log_dir: reports/vae/dense
    outs:
    - path: reports/vae/dense/gen/0
      md5: 3a87b3a3a57f437a1bc1552868b7d2a3.dir
      size: 35032
      nfiles: 30
    - path: reports/vae/dense/gen/0.gif
      md5: 873be28fb01e05905f2b718c96ac02a9
      size: 97062
    - path: reports/vae/dense/gen/1
      md5: 638253eba64fdac4b1fac22625f3f69f.dir
      size: 34127
      nfiles: 30
    - path: reports/vae/dense/gen/1.gif
      md5: 469a3ea9bf2fc1d2616ecf2faacd5f9d
      size: 89464
    - path: reports/vae/dense/logs
      md5: 9768e698566f6bd4bf5f23e458ef1a52.dir
      size: 803222
      nfiles: 2
    - path: reports/vae/dense/logs.json
      md5: 47e2076a9a1f7366a0e00c2d6b86a8ac
      size: 85
    - path: reports/vae/dense/results
      md5: 1c7d6dee97b76f3d7ae6a60cce7f0f3c.dir
      size: 37502
      nfiles: 16
  vae_conv:
    cmd: python src/autoencoder/vae_conv.py
    deps:
    - path: data/raw/sprites
      md5: 447107e2f601c815f08b87b0eea34530.dir
      size: 242202638
      nfiles: 30118
    - path: src/autoencoder/decoders/conv.py
      md5: 9f974c78db50f2ed3e65106b60a74336
      size: 1605
    - path: src/autoencoder/encoders/conv.py
      md5: 28864e63d259e0c9f93e8d6ce06dc384
      size: 1549
    - path: src/autoencoder/models/variational_model.py
      md5: 47ce9ebb2953752db1f0a4cdd0786ec5
      size: 2135
    - path: src/autoencoder/train.py
      md5: 425df3c56c5dd9c0bd74d07ae9386658
      size: 4028
    - path: src/autoencoder/vae_conv.py
      md5: d38246cd2de65fa35319c988bad3c64c
      size: 929
    - path: src/data/sprites.py
      md5: eb3b24072b0bd1f3b0357c8ca5f922ff
      size: 3595
    - path: src/utils.py
      md5: 51de3b46e88e4e72336e64cb7fa95b71
      size: 1072
    params:
      params.yaml:
        vae_conv:
          latent_size: 16
          batch_size: 64
          train_kwargs:
            epochs: 10
            log_dir: reports/vae/conv
    outs:
    - path: reports/vae/conv/gen/0
      md5: c96ae7d218bd08e293bbb8f63115bdd1.dir
      size: 13102
      nfiles: 10
    - path: reports/vae/conv/gen/0.gif
      md5: 0b719ac3e9e0c31f4801fb6aa6a4449b
      size: 51584
    - path: reports/vae/conv/gen/1
      md5: 5561a6088553df5671460e1ca0b845fd.dir
      size: 12856
      nfiles: 10
    - path: reports/vae/conv/gen/1.gif
      md5: 346d05022cddfc94a9e7e5d0c48088d9
      size: 49963
    - path: reports/vae/conv/logs
      md5: f48a5e0785173313741e0aed8f260691.dir
      size: 749
      nfiles: 2
    - path: reports/vae/conv/logs.json
      md5: acbd153c448db4884e9411fa434e037d
      size: 82
    - path: reports/vae/conv/results
      md5: 2b98b54437a2f2268e4958b72f78e684.dir
      size: 23788
      nfiles: 16
  train@ae_dense:
    cmd: "python src/autoencoder/train.py --encoder-type dense --decoder-type dense\
      \ --ae-type ae --epochs 500 --batch-size 256 --latent-size 16 --log-dir reports/ae/dense\
      \ --lr 0.001\n"
    deps:
    - path: data/external/sprites
      md5: 23e143a3d4f7b30548cd966a889e3b87.dir
      size: 387131152
      nfiles: 45310
    - path: src/autoencoder/decoders/dense.py
      md5: dafd1e414c747fa8bc4e1e06fc7779b5
      size: 935
    - path: src/autoencoder/encoders/dense.py
      md5: 53c0be2894ae27af711dda768c687783
      size: 865
    - path: src/autoencoder/models/vanilla_model.py
      md5: 1db2b1b9f21021106975e1b2f8c3462f
      size: 886
    - path: src/autoencoder/train.py
      md5: 8e982ca69541687d8326cc17d3cd7259
      size: 5803
    - path: src/data/sprites.py
      md5: d4837a6219658f0b5263a4abec5718dc
      size: 4769
    - path: src/utils.py
      md5: 51de3b46e88e4e72336e64cb7fa95b71
      size: 1072
    outs:
    - path: reports/ae/dense/gen
      md5: 65deb82c977d20f1c38f88c7aa27bbe5.dir
      size: 713426
      nfiles: 272
    - path: reports/ae/dense/logs
      md5: d689f36e8bc6108f6757140b47505e54.dir
      size: 56745
      nfiles: 3
    - path: reports/ae/dense/logs.json
      md5: 73bd5bf6fbd7f074c31aa92b193fe26d
      size: 118
    - path: reports/ae/dense/results
      md5: c277f839981c6c2ddfcb69adce8564ee.dir
      size: 34608
      nfiles: 16
    - path: reports/ae/dense/summary.txt
      md5: 7b89695eac095433159bed633f3d9aff
      size: 2442
  train@vae_dense:
    cmd: "python src/autoencoder/train.py --encoder-type dense --decoder-type dense\
      \ --ae-type vae --epochs 500 --batch-size 256 --latent-size 16 --log-dir reports/vae/dense\
      \ --lr 0.001\n"
    deps:
    - path: data/external/sprites
      md5: 23e143a3d4f7b30548cd966a889e3b87.dir
      size: 387131152
      nfiles: 45310
    - path: src/autoencoder/decoders/dense.py
      md5: 235b286f165f96eca8179545b2a8d1bf
      size: 908
    - path: src/autoencoder/encoders/dense.py
      md5: 53c0be2894ae27af711dda768c687783
      size: 865
    - path: src/autoencoder/models/variational_model.py
      md5: 51dab270d69a9b5690178debcfa22069
      size: 2139
    - path: src/autoencoder/train.py
      md5: 8e982ca69541687d8326cc17d3cd7259
      size: 5803
    - path: src/data/sprites.py
      md5: d4837a6219658f0b5263a4abec5718dc
      size: 4769
    - path: src/utils.py
      md5: 51de3b46e88e4e72336e64cb7fa95b71
      size: 1072
    outs:
    - path: reports/vae/dense/gen
      md5: b1dd8817955282d6bfd140485a46e04c.dir
      size: 1141212
      nfiles: 272
    - path: reports/vae/dense/logs
      md5: b3cc01d2e2eb190de8b86ae298248f66.dir
      size: 56795
      nfiles: 3
    - path: reports/vae/dense/logs.json
      md5: d235d6c2633be2ff7a8bfc17c4437ddc
      size: 118
    - path: reports/vae/dense/results
      md5: f98c44e5b7069ff60f66bad5562c531e.dir
      size: 29090
      nfiles: 16
    - path: reports/vae/dense/summary.txt
      md5: 77ef958ee9378795407c6705f5219c12
      size: 2314
  train@vae_conv:
    cmd: "python src/autoencoder/train.py --encoder-type conv --decoder-type conv\
      \ --ae-type vae --epochs 500 --batch-size 256 --latent-size 16 --log-dir reports/vae/conv\
      \ --lr 0.001\n"
    deps:
    - path: data/external/sprites
      md5: 23e143a3d4f7b30548cd966a889e3b87.dir
      size: 387131152
      nfiles: 45310
    - path: src/autoencoder/decoders/conv.py
      md5: d1a3f15637509aacadb27ba7688268d2
      size: 1817
    - path: src/autoencoder/encoders/conv.py
      md5: 42fbd253774250726066e17b4416d669
      size: 1707
    - path: src/autoencoder/models/variational_model.py
      md5: 51dab270d69a9b5690178debcfa22069
      size: 2139
    - path: src/autoencoder/train.py
      md5: 8e982ca69541687d8326cc17d3cd7259
      size: 5803
    - path: src/data/sprites.py
      md5: d4837a6219658f0b5263a4abec5718dc
      size: 4769
    - path: src/utils.py
      md5: 51de3b46e88e4e72336e64cb7fa95b71
      size: 1072
    outs:
    - path: reports/vae/conv/gen
      md5: 48a3c3151d8979f62208d3527872f334.dir
      size: 1970475
      nfiles: 272
    - path: reports/vae/conv/logs
      md5: 8d4d5b93f8e18276a07b00d5f7a82483.dir
      size: 56970
      nfiles: 3
    - path: reports/vae/conv/logs.json
      md5: 35d387997edc028bfdbd455500b9e8f5
      size: 118
    - path: reports/vae/conv/results
      md5: a76170606729adc30664db3975ee7962.dir
      size: 26917
      nfiles: 16
    - path: reports/vae/conv/summary.txt
      md5: 255be8cf3b8ea1555120a7d0a4be401a
      size: 2501
  train@ae_conv:
    cmd: "python src/autoencoder/train.py --encoder-type conv --decoder-type conv\
      \ --ae-type ae --epochs 500 --batch-size 256 --latent-size 16 --log-dir reports/ae/conv\
      \ --lr 0.001\n"
    deps:
    - path: data/external/sprites
      md5: 23e143a3d4f7b30548cd966a889e3b87.dir
      size: 387131152
      nfiles: 45310
    - path: src/autoencoder/decoders/conv.py
      md5: d1a3f15637509aacadb27ba7688268d2
      size: 1817
    - path: src/autoencoder/encoders/conv.py
      md5: 42fbd253774250726066e17b4416d669
      size: 1707
    - path: src/autoencoder/models/vanilla_model.py
      md5: 1db2b1b9f21021106975e1b2f8c3462f
      size: 886
    - path: src/autoencoder/train.py
      md5: 8e982ca69541687d8326cc17d3cd7259
      size: 5803
    - path: src/data/sprites.py
      md5: d4837a6219658f0b5263a4abec5718dc
      size: 4769
    - path: src/utils.py
      md5: 51de3b46e88e4e72336e64cb7fa95b71
      size: 1072
    outs:
    - path: reports/ae/conv/gen
      md5: 4d932e81c508a33b272b3a1db47b747d.dir
      size: 2057444
      nfiles: 272
    - path: reports/ae/conv/logs
      md5: 7d65edb969814742caef327627185e81.dir
      size: 57071
      nfiles: 3
    - path: reports/ae/conv/logs.json
      md5: a75f9afa2be3dc60eb7d640160fe4516
      size: 115
    - path: reports/ae/conv/results
      md5: 5dc64025a1dde06fd781f0f6d68ffa5a.dir
      size: 28170
      nfiles: 16
    - path: reports/ae/conv/summary.txt
      md5: 5834d0cb1285f32c0054152e399313c8
      size: 2501
