schema: '2.0'
stages:
  ae_train:
    cmd: python src/autoencoder/train.py
    deps:
    - path: data/external/sprites
      md5: 23e143a3d4f7b30548cd966a889e3b87.dir
      size: 387131152
      nfiles: 45310
    - path: src/autoencoder
      md5: 01db33eca6234137ac19172e6818b387.dir
      size: 11029
      nfiles: 7
    - path: src/data
      md5: 19f3b6e442619e47134b34f6230f7148.dir
      size: 5322
      nfiles: 4
    - path: src/utils.py
      md5: bcc6681e7b87d2563003ca8dd54de48a
      size: 509
    params:
      params.yaml:
        autoencoder:
          epochs: 500
          data_dir: data/external/sprites
          log_dir: reports/autoencoder
          latent_size: 8
          batch_size: 128
    outs:
    - path: reports/autoencoder/gen
      md5: f8a8dfb30880036eb326480134bd4e3d.dir
      size: 560019
      nfiles: 500
    - path: reports/autoencoder/gen.gif
      md5: 97826c752a798816deca8ed17463a3f1
      size: 2066867
    - path: reports/autoencoder/logs
      md5: c686d10a0f59ad2034c3e45cb603dca2.dir
      size: 19736
      nfiles: 1
    - path: reports/autoencoder/logs.json
      md5: 2e09b42eef202d311b99da3c3ffc5e49
      size: 53
  data:
    cmd: tar -xzf data/raw/sprites.tar.gz -C data/raw/
    deps:
    - path: data/raw/sprites.tar.gz
      md5: 3ef8b4485374026c0896299bd33a7bd6
      size: 273138408
    outs:
    - path: data/raw/sprites
      md5: 23e143a3d4f7b30548cd966a889e3b87.dir
      size: 387131152
      nfiles: 45310
  sprites_data:
    cmd: tar -xf data/raw/sprites.tar -C data/raw/
    deps:
    - path: data/raw/sprites.tar
      md5: 84ec42a376e159573338ef93b4d6892f
      size: 421591040
    outs:
    - path: data/raw/sprites
      md5: 23e143a3d4f7b30548cd966a889e3b87.dir
      size: 387131152
      nfiles: 45310
  ae_conv_train:
    cmd: python src/autoencoder/vanilla_model_conv.py
    deps:
    - path: data/raw/sprites
      md5: 447107e2f601c815f08b87b0eea34530.dir
      size: 242202638
      nfiles: 30118
    - path: src/autoencoder/decoders/conv.py
      md5: b504d408e6316d0c2bf1fde8f69a3e21
      size: 1319
    - path: src/autoencoder/encoders/conv.py
      md5: 1e9b050b285b3e7da795a7970156b90a
      size: 1060
    - path: src/autoencoder/models/vanilla_model.py
      md5: 32aee41e83bf49e176d18b7d8d9f4c43
      size: 550
    - path: src/autoencoder/train.py
      md5: 5d5f425b41fcacbc12face2c12ba6357
      size: 2657
    - path: src/autoencoder/vanilla_model_conv.py
      md5: 206827a01a55ea5754657b67c5f290ae
      size: 790
    - path: src/data/sprites.py
      md5: 31947df2ec8067da21c09378f9700cd5
      size: 3594
    - path: src/utils.py
      md5: ead46112488eed4252f3f205e0450946
      size: 858
    params:
      params.yaml:
        autoencoder_conv:
          latent_size: 16
          batch_size: 128
          train_kwargs:
            epochs: 100
            log_dir: reports/autoencoder/conv
          loader_kwargs:
    outs:
    - path: reports/autoencoder/conv/gen/0
      md5: 784a0a4861346767d7439e833bb5336a.dir
      size: 332585
      nfiles: 100
    - path: reports/autoencoder/conv/gen/0.gif
      md5: 6e7e74560909dad55360f4e3617adf4a
      size: 555393
    - path: reports/autoencoder/conv/gen/1
      md5: 3477e47a171db216a5248c92cb64df28.dir
      size: 354518
      nfiles: 100
    - path: reports/autoencoder/conv/gen/1.gif
      md5: 56bf6b165e81b216f700c55a710bf59a
      size: 600960
    - path: reports/autoencoder/conv/gen/2
      md5: 99e45abeac60d72e91374c2b28426041.dir
      size: 89995
      nfiles: 100
    - path: reports/autoencoder/conv/gen/2.gif
      md5: 5c75b08fb523b18e251cfbcbb311b445
      size: 369802
    - path: reports/autoencoder/conv/gen/3
      md5: a7bffb7ab9a9f6fdd01e0ddde9879abe.dir
      size: 104952
      nfiles: 100
    - path: reports/autoencoder/conv/gen/3.gif
      md5: 6040c9e8e331c6630243686730efce34
      size: 390111
    - path: reports/autoencoder/conv/logs
      md5: 215feead67d85314deddb5148fbe621a.dir
      size: 3871
      nfiles: 1
    - path: reports/autoencoder/conv/logs.json
      md5: 1159db2952ed4e5f114b6c03a23b6922
      size: 52
  ae_dense_train:
    cmd: python src/autoencoder/vanilla_model_dense.py
    deps:
    - path: data/raw/sprites
      md5: 447107e2f601c815f08b87b0eea34530.dir
      size: 242202638
      nfiles: 30118
    - path: src/autoencoder/decoders/dense.py
      md5: bb0e46a7e49569854642a164c095a3d7
      size: 838
    - path: src/autoencoder/encoders/dense.py
      md5: b915f41a2934c5086507545d9ca6ea74
      size: 807
    - path: src/autoencoder/models/vanilla_model.py
      md5: 2269cef39cc263f80f6fab4dcd93d149
      size: 608
    - path: src/autoencoder/train.py
      md5: 75cf371b5717bda15818ddbafffff4d7
      size: 3176
    - path: src/autoencoder/vanilla_model_dense.py
      md5: 74bd0fdc571173727745fcb3391023af
      size: 959
    - path: src/data/sprites.py
      md5: 31947df2ec8067da21c09378f9700cd5
      size: 3594
    - path: src/utils.py
      md5: ead46112488eed4252f3f205e0450946
      size: 858
    params:
      params.yaml:
        autoencoder_dense:
          latent_size: 16
          batch_size: 128
          train_kwargs:
            epochs: 100
            log_dir: reports/autoencoder/dense
    outs:
    - path: reports/autoencoder/dense/gen/0
      md5: c962e482db0ec1f91e2c69a7543eb585.dir
      size: 404643
      nfiles: 100
    - path: reports/autoencoder/dense/gen/0.gif
      md5: 618acb63754f8316d1085b9a2a083bc6
      size: 1030063
    - path: reports/autoencoder/dense/gen/1
      md5: 187f3b8ad640e8031fffe989005548dd.dir
      size: 423795
      nfiles: 100
    - path: reports/autoencoder/dense/gen/1.gif
      md5: e65af6b23f465a7e6747bec6d0adb900
      size: 1075961
    - path: reports/autoencoder/dense/gen/2
      md5: e28d7506c398160d532af0389d358c71.dir
      size: 274751
      nfiles: 100
    - path: reports/autoencoder/dense/gen/2.gif
      md5: 3002a484ac5bcae321fbbad37defee79
      size: 548901
    - path: reports/autoencoder/dense/gen/3
      md5: b48bc1d481454ee4c3a46a2b30c4d3c7.dir
      size: 131784
      nfiles: 100
    - path: reports/autoencoder/dense/gen/3.gif
      md5: f84c38fc6744edb0ba0a3863eef2dec8
      size: 164173
    - path: reports/autoencoder/dense/logs
      md5: 439fdfde958b2d9adef5a72cc97d3421.dir
      size: 3872
      nfiles: 1
    - path: reports/autoencoder/dense/logs.json
      md5: 67d8c3d3f1177c9c4ec85b6b744239c7
      size: 52
  ae_dense:
    cmd: python src/autoencoder/vanilla_model_dense.py
    deps:
    - path: data/raw/sprites
      md5: 447107e2f601c815f08b87b0eea34530.dir
      size: 242202638
      nfiles: 30118
    - path: src/autoencoder/decoders/dense.py
      md5: 2eedea768522caaf0505184d9ccc5e62
      size: 845
    - path: src/autoencoder/encoders/dense.py
      md5: c55ecdd37b62096c63937ed98b248a2d
      size: 804
    - path: src/autoencoder/models/vanilla_model.py
      md5: 045b4055d5364d9f5087861796fcb766
      size: 842
    - path: src/autoencoder/train.py
      md5: 94c214010b64e3017b8174b9f31036aa
      size: 3725
    - path: src/autoencoder/vanilla_model_dense.py
      md5: 74bd0fdc571173727745fcb3391023af
      size: 959
    - path: src/data/sprites.py
      md5: eb3b24072b0bd1f3b0357c8ca5f922ff
      size: 3595
    - path: src/utils.py
      md5: f2702cf1b93b115f7dd09df7941e6a26
      size: 1001
    params:
      params.yaml:
        autoencoder_dense:
          latent_size: 16
          batch_size: 128
          train_kwargs:
            epochs: 100
            log_dir: reports/autoencoder/dense
    outs:
    - path: reports/autoencoder/dense/gen/0
      md5: dad40ca353bf5ac75ad2abff2e221d3c.dir
      size: 139142
      nfiles: 100
    - path: reports/autoencoder/dense/gen/0.gif
      md5: b5d8137b65ec4e52229cdefba88e8ee1
      size: 513039
    - path: reports/autoencoder/dense/gen/1
      md5: 3825ef609245e73904ea4c17e85bd488.dir
      size: 155091
      nfiles: 100
    - path: reports/autoencoder/dense/gen/1.gif
      md5: 95b74b02ee27575fdab3766169d0d60f
      size: 517870
    - path: reports/autoencoder/dense/gen/2
      md5: 4a608e1e338e9178001376ffb5338456.dir
      size: 169768
      nfiles: 100
    - path: reports/autoencoder/dense/gen/2.gif
      md5: 27db48b8139b7241fa60a6882fa290e2
      size: 548201
    - path: reports/autoencoder/dense/gen/3
      md5: 117a97a240453abf98f330822ea5cdf2.dir
      size: 131407
      nfiles: 100
    - path: reports/autoencoder/dense/gen/3.gif
      md5: 8087b70ae11566a0b362f08ab3ca0325
      size: 443062
    - path: reports/autoencoder/dense/logs
      md5: 4b7e30148b8c2c611168af1b685ebf4d.dir
      size: 4050
      nfiles: 1
    - path: reports/autoencoder/dense/logs.json
      md5: 644f4be6e4e04dd4662762882b822003
      size: 54
    - path: reports/autoencoder/dense/results
      md5: ae245cc2933daa6db42ecd564635e028.dir
      size: 30625
      nfiles: 16
  ae_conv:
    cmd: python src/autoencoder/vanilla_model_conv.py
    deps:
    - path: data/raw/sprites
      md5: 447107e2f601c815f08b87b0eea34530.dir
      size: 242202638
      nfiles: 30118
    - path: src/autoencoder/decoders/conv.py
      md5: b504d408e6316d0c2bf1fde8f69a3e21
      size: 1319
    - path: src/autoencoder/encoders/conv.py
      md5: b94d02228741214bd92edc45f1ec8950
      size: 1067
    - path: src/autoencoder/models/vanilla_model.py
      md5: 045b4055d5364d9f5087861796fcb766
      size: 842
    - path: src/autoencoder/train.py
      md5: 94c214010b64e3017b8174b9f31036aa
      size: 3725
    - path: src/autoencoder/vanilla_model_conv.py
      md5: 206827a01a55ea5754657b67c5f290ae
      size: 790
    - path: src/data/sprites.py
      md5: eb3b24072b0bd1f3b0357c8ca5f922ff
      size: 3595
    - path: src/utils.py
      md5: f2702cf1b93b115f7dd09df7941e6a26
      size: 1001
    params:
      params.yaml:
        autoencoder_conv:
          latent_size: 16
          batch_size: 128
          train_kwargs:
            epochs: 100
            log_dir: reports/autoencoder/conv
    outs:
    - path: reports/autoencoder/conv/gen/0
      md5: da3b0283059900ff35e6c527d863f6d3.dir
      size: 239448
      nfiles: 100
    - path: reports/autoencoder/conv/gen/0.gif
      md5: 03b206c225c73b8149f55b5dbfae23b1
      size: 439962
    - path: reports/autoencoder/conv/gen/1
      md5: 61e9fb1b1394ee45164c8e8e26ae217e.dir
      size: 248101
      nfiles: 100
    - path: reports/autoencoder/conv/gen/1.gif
      md5: 97f8aad3f602cf49ce49121309014ee0
      size: 468979
    - path: reports/autoencoder/conv/gen/2
      md5: 09122cf9a0da02a7f8d0ec4c35f7b51e.dir
      size: 191229
      nfiles: 100
    - path: reports/autoencoder/conv/gen/2.gif
      md5: a596df002d69cc6c3973ce0642ac11ee
      size: 285184
    - path: reports/autoencoder/conv/gen/3
      md5: 615a5e9042e1d47c30d66af03998066f.dir
      size: 196682
      nfiles: 100
    - path: reports/autoencoder/conv/gen/3.gif
      md5: 3e1248e64ec54c06111b115fe6872d12
      size: 564595
    - path: reports/autoencoder/conv/logs
      md5: c0d60f259b46f8913afaa93330ea42b5.dir
      size: 3996
      nfiles: 1
    - path: reports/autoencoder/conv/logs.json
      md5: 07fd7929bc2273a6132d13783c49c954
      size: 53
    - path: reports/autoencoder/conv/results
      md5: 1e21261faf18df66d2dda765a8b6f5c6.dir
      size: 27374
      nfiles: 16
  vae_dense:
    cmd: python src/autoencoder/vae_dense.py
    deps:
    - path: data/raw/sprites
      md5: 447107e2f601c815f08b87b0eea34530.dir
      size: 242202638
      nfiles: 30118
    - path: src/autoencoder/decoders/dense.py
      md5: 2eedea768522caaf0505184d9ccc5e62
      size: 845
    - path: src/autoencoder/encoders/dense.py
      md5: c55ecdd37b62096c63937ed98b248a2d
      size: 804
    - path: src/autoencoder/models/variational_model.py
      md5: 00d207b8d2422cfdf6b0e6d3040c1c29
      size: 1998
    - path: src/autoencoder/train.py
      md5: 94c214010b64e3017b8174b9f31036aa
      size: 3725
    - path: src/autoencoder/vae_dense.py
      md5: f90dad471834547f8f636b99860418c6
      size: 883
    - path: src/data/sprites.py
      md5: eb3b24072b0bd1f3b0357c8ca5f922ff
      size: 3595
    - path: src/utils.py
      md5: f2702cf1b93b115f7dd09df7941e6a26
      size: 1001
    params:
      params.yaml:
        vae_dense:
          latent_size: 16
          batch_size: 128
          train_kwargs:
            epochs: 100
            log_dir: reports/vae/dense
    outs:
    - path: reports/vae/dense/gen/0
      md5: 5f14696ada3ba02e0af15b9c59651f47.dir
      size: 112434
      nfiles: 100
    - path: reports/vae/dense/gen/0.gif
      md5: eab0bb950a32b918dbf5b865f9757325
      size: 372156
    - path: reports/vae/dense/gen/1
      md5: 317cf80ab9bc8d741644944eeb31dbfa.dir
      size: 112365
      nfiles: 100
    - path: reports/vae/dense/gen/1.gif
      md5: bf10763ce810d09f083631daffea7931
      size: 386064
    - path: reports/vae/dense/logs
      md5: 77cf66a88e73ad2ae163e3fa3982fa10.dir
      size: 3973
      nfiles: 1
    - path: reports/vae/dense/logs.json
      md5: e2080c9c813ef35f79f645cc91418265
      size: 52
    - path: reports/vae/dense/results
      md5: f5bb8f56c74fb343b29b96ba498d5a19.dir
      size: 25449
      nfiles: 16
  vae_conv:
    cmd: python src/autoencoder/vae_conv.py
    deps:
    - path: data/raw/sprites
      md5: 447107e2f601c815f08b87b0eea34530.dir
      size: 242202638
      nfiles: 30118
    - path: src/autoencoder/decoders/conv.py
      md5: b504d408e6316d0c2bf1fde8f69a3e21
      size: 1319
    - path: src/autoencoder/encoders/conv.py
      md5: b94d02228741214bd92edc45f1ec8950
      size: 1067
    - path: src/autoencoder/models/variational_model.py
      md5: 00d207b8d2422cfdf6b0e6d3040c1c29
      size: 1998
    - path: src/autoencoder/train.py
      md5: 94c214010b64e3017b8174b9f31036aa
      size: 3725
    - path: src/autoencoder/vae_conv.py
      md5: d38246cd2de65fa35319c988bad3c64c
      size: 929
    - path: src/data/sprites.py
      md5: eb3b24072b0bd1f3b0357c8ca5f922ff
      size: 3595
    - path: src/utils.py
      md5: f2702cf1b93b115f7dd09df7941e6a26
      size: 1001
    params:
      params.yaml:
        vae_conv:
          latent_size: 16
          batch_size: 128
          train_kwargs:
            epochs: 100
            log_dir: reports/vae/conv
    outs:
    - path: reports/vae/conv/gen/0
      md5: 2078e998a48a96af2846693ab6600116.dir
      size: 191345
      nfiles: 100
    - path: reports/vae/conv/gen/0.gif
      md5: 96d3ece36d3e788f7f26e2ee75f2b148
      size: 499175
    - path: reports/vae/conv/gen/1
      md5: 8a93088ac8c9692dd4c6355f7ee60e22.dir
      size: 192209
      nfiles: 100
    - path: reports/vae/conv/gen/1.gif
      md5: 7d74550ff4e45025219abf447cbfa07a
      size: 503420
    - path: reports/vae/conv/logs
      md5: ff87de672313ef914d1005de7ad49cf2.dir
      size: 3976
      nfiles: 1
    - path: reports/vae/conv/logs.json
      md5: 46b64bd0bab0de77d350d8d87c77f677
      size: 53
    - path: reports/vae/conv/results
      md5: f362a238ca44e7f63400643ea022282f.dir
      size: 30246
      nfiles: 16
